// !$*UTF8*$!
{
	archiveVersion = 1;
	classes = {
	};
	objectVersion = 50;
	objects = {

/* Begin PBXBuildFile section */
		2FA6738C2292EA67003E23E4 /* AppDelegate.swift in Sources */ = {isa = PBXBuildFile; fileRef = 2FA6738B2292EA67003E23E4 /* AppDelegate.swift */; };
		2FA673912292EA67003E23E4 /* Main.storyboard in Resources */ = {isa = PBXBuildFile; fileRef = 2FA6738F2292EA67003E23E4 /* Main.storyboard */; };
		2FA673932292EA68003E23E4 /* Assets.xcassets in Resources */ = {isa = PBXBuildFile; fileRef = 2FA673922292EA68003E23E4 /* Assets.xcassets */; };
		2FA673962292EA68003E23E4 /* LaunchScreen.storyboard in Resources */ = {isa = PBXBuildFile; fileRef = 2FA673942292EA68003E23E4 /* LaunchScreen.storyboard */; };
		2FA6739E2292F733003E23E4 /* StoreItemController.swift in Sources */ = {isa = PBXBuildFile; fileRef = 2FA6739D2292F733003E23E4 /* StoreItemController.swift */; };
		2FA673A02292F7E2003E23E4 /* StoreItem.swift in Sources */ = {isa = PBXBuildFile; fileRef = 2FA6739F2292F7E2003E23E4 /* StoreItem.swift */; };
		2FA673A2229303C4003E23E4 /* URL+Helpers.swift in Sources */ = {isa = PBXBuildFile; fileRef = 2FA673A1229303C4003E23E4 /* URL+Helpers.swift */; };
		2FA673A722931212003E23E4 /* TableViewController.swift in Sources */ = {isa = PBXBuildFile; fileRef = 2FA673A622931212003E23E4 /* TableViewController.swift */; };
/* End PBXBuildFile section */

/* Begin PBXFileReference section */
		2FA673882292EA67003E23E4 /* codeChallenge3.app */ = {isa = PBXFileReference; explicitFileType = wrapper.application; includeInIndex = 0; path = codeChallenge3.app; sourceTree = BUILT_PRODUCTS_DIR; };
		2FA6738B2292EA67003E23E4 /* AppDelegate.swift */ = {isa = PBXFileReference; lastKnownFileType = sourcecode.swift; path = AppDelegate.swift; sourceTree = "<group>"; };
		2FA673902292EA67003E23E4 /* Base */ = {isa = PBXFileReference; lastKnownFileType = file.storyboard; name = Base; path = Base.lproj/Main.storyboard; sourceTree = "<group>"; };
		2FA673922292EA68003E23E4 /* Assets.xcassets */ = {isa = PBXFileReference; lastKnownFileType = folder.assetcatalog; path = Assets.xcassets; sourceTree = "<group>"; };
		2FA673952292EA68003E23E4 /* Base */ = {isa = PBXFileReference; lastKnownFileType = file.storyboard; name = Base; path = Base.lproj/LaunchScreen.storyboard; sourceTree = "<group>"; };
		2FA673972292EA68003E23E4 /* Info.plist */ = {isa = PBXFileReference; lastKnownFileType = text.plist.xml; path = Info.plist; sourceTree = "<group>"; };
		2FA6739D2292F733003E23E4 /* StoreItemController.swift */ = {isa = PBXFileReference; lastKnownFileType = sourcecode.swift; path = StoreItemController.swift; sourceTree = "<group>"; };
		2FA6739F2292F7E2003E23E4 /* StoreItem.swift */ = {isa = PBXFileReference; lastKnownFileType = sourcecode.swift; path = StoreItem.swift; sourceTree = "<group>"; };
		2FA673A1229303C4003E23E4 /* URL+Helpers.swift */ = {isa = PBXFileReference; lastKnownFileType = sourcecode.swift; path = "URL+Helpers.swift"; sourceTree = "<group>"; };
		2FA673A622931212003E23E4 /* TableViewController.swift */ = {isa = PBXFileReference; lastKnownFileType = sourcecode.swift; path = TableViewController.swift; sourceTree = "<group>"; };
/* End PBXFileReference section */

/* Begin PBXFrameworksBuildPhase section */
		2FA673852292EA67003E23E4 /* Frameworks */ = {
			isa = PBXFrameworksBuildPhase;
			buildActionMask = 2147483647;
			files = (
			);
			runOnlyForDeploymentPostprocessing = 0;
		};
/* End PBXFrameworksBuildPhase section */

/* Begin PBXGroup section */
		2FA6737F2292EA67003E23E4 = {
			isa = PBXGroup;
			children = (
				2FA6738A2292EA67003E23E4 /* codeChallenge3 */,
				2FA673892292EA67003E23E4 /* Products */,
			);
			sourceTree = "<group>";
		};
		2FA673892292EA67003E23E4 /* Products */ = {
			isa = PBXGroup;
			children = (
				2FA673882292EA67003E23E4 /* codeChallenge3.app */,
			);
			name = Products;
			sourceTree = "<group>";
		};
		2FA6738A2292EA67003E23E4 /* codeChallenge3 */ = {
			isa = PBXGroup;
			children = (
				2FA6738B2292EA67003E23E4 /* AppDelegate.swift */,
				2FA673A322930CA1003E23E4 /* Model */,
				2FA673A422930CCA003E23E4 /* View */,
				2FA673A52293116F003E23E4 /* Controller */,
				2FA673922292EA68003E23E4 /* Assets.xcassets */,
				2FA673942292EA68003E23E4 /* LaunchScreen.storyboard */,
				2FA673972292EA68003E23E4 /* Info.plist */,
			);
			path = codeChallenge3;
			sourceTree = "<group>";
		};
		2FA673A322930CA1003E23E4 /* Model */ = {
			isa = PBXGroup;
			children = (
				2FA6739F2292F7E2003E23E4 /* StoreItem.swift */,
			);
			path = Model;
			sourceTree = "<group>";
		};
		2FA673A422930CCA003E23E4 /* View */ = {
			isa = PBXGroup;
			children = (
				2FA6738F2292EA67003E23E4 /* Main.storyboard */,
			);
			name = View;
			sourceTree = "<group>";
		};
		2FA673A52293116F003E23E4 /* Controller */ = {
			isa = PBXGroup;
			children = (
				2FA6739D2292F733003E23E4 /* StoreItemController.swift */,
				2FA673A622931212003E23E4 /* TableViewController.swift */,
				2FA673A1229303C4003E23E4 /* URL+Helpers.swift */,
			);
			path = Controller;
			sourceTree = "<group>";
		};
/* End PBXGroup section */

/* Begin PBXNativeTarget section */
		2FA673872292EA67003E23E4 /* codeChallenge3 */ = {
			isa = PBXNativeTarget;
			buildConfigurationList = 2FA6739A2292EA68003E23E4 /* Build configuration list for PBXNativeTarget "codeChallenge3" */;
			buildPhases = (
				2FA673842292EA67003E23E4 /* Sources */,
				2FA673852292EA67003E23E4 /* Frameworks */,
				2FA673862292EA67003E23E4 /* Resources */,
			);
			buildRules = (
			);
			dependencies = (
			);
			name = codeChallenge3;
			productName = codeChallenge3;
			productReference = 2FA673882292EA67003E23E4 /* codeChallenge3.app */;
			productType = "com.apple.product-type.application";
		};
/* End PBXNativeTarget section */

/* Begin PBXProject section */
		2FA673802292EA67003E23E4 /* Project object */ = {
			isa = PBXProject;
			attributes = {
				LastSwiftUpdateCheck = 1000;
				LastUpgradeCheck = 1000;
				ORGANIZATIONNAME = "Douglas Patterson";
				TargetAttributes = {
					2FA673872292EA67003E23E4 = {
						CreatedOnToolsVersion = 10.0;
					};
				};
			};
			buildConfigurationList = 2FA673832292EA67003E23E4 /* Build configuration list for PBXProject "codeChallenge3" */;
			compatibilityVersion = "Xcode 9.3";
			developmentRegion = en;
			hasScannedForEncodings = 0;
			knownRegions = (
				en,
				Base,
			);
			mainGroup = 2FA6737F2292EA67003E23E4;
			productRefGroup = 2FA673892292EA67003E23E4 /* Products */;
			projectDirPath = "";
			projectRoot = "";
			targets = (
				2FA673872292EA67003E23E4 /* codeChallenge3 */,
			);
		};
/* End PBXProject section */

/* Begin PBXResourcesBuildPhase section */
		2FA673862292EA67003E23E4 /* Resources */ = {
			isa = PBXResourcesBuildPhase;
			buildActionMask = 2147483647;
			files = (
				2FA673962292EA68003E23E4 /* LaunchScreen.storyboard in Resources */,
				2FA673932292EA68003E23E4 /* Assets.xcassets in Resources */,
				2FA673912292EA67003E23E4 /* Main.storyboard in Resources */,
			);
			runOnlyForDeploymentPostprocessing = 0;
		};
/* End PBXResourcesBuildPhase section */

/* Begin PBXSourcesBuildPhase section */
		2FA673842292EA67003E23E4 /* Sources */ = {
			isa = PBXSourcesBuildPhase;
			buildActionMask = 2147483647;
			files = (
				2FA673A2229303C4003E23E4 /* URL+Helpers.swift in Sources */,
				2FA6738C2292EA67003E23E4 /* AppDelegate.swift in Sources */,
				2FA673A02292F7E2003E23E4 /* StoreItem.swift in Sources */,
				2FA673A722931212003E23E4 /* TableViewController.swift in Sources */,
				2FA6739E2292F733003E23E4 /* StoreItemController.swift in Sources */,
			);
			runOnlyForDeploymentPostprocessing = 0;
		};
/* End PBXSourcesBuildPhase section */

/* Begin PBXVariantGroup section */
		2FA6738F2292EA67003E23E4 /* Main.storyboard */ = {
			isa = PBXVariantGroup;
			children = (
				2FA673902292EA67003E23E4 /* Base */,
			);
			name = Main.storyboard;
			sourceTree = "<group>";
		};
		2FA673942292EA68003E23E4 /* LaunchScreen.storyboard */ = {
			isa = PBXVariantGroup;
			children = (
				2FA673952292EA68003E23E4 /* Base */,
			);
			name = LaunchScreen.storyboard;
			sourceTree = "<group>";
		};
/* End PBXVariantGroup section */

/* Begin XCBuildConfiguration section */
		2FA673982292EA68003E23E4 /* Debug */ = {
			isa = XCBuildConfiguration;
			buildSettings = {
				ALWAYS_SEARCH_USER_PATHS = NO;
				CLANG_ANALYZER_NONNULL = YES;
				CLANG_ANALYZER_NUMBER_OBJECT_CONVERSION = YES_AGGRESSIVE;
				CLANG_CXX_LANGUAGE_STANDARD = "gnu++14";
				CLANG_CXX_LIBRARY = "libc++";
				CLANG_ENABLE_MODULES = YES;
				CLANG_ENABLE_OBJC_ARC = YES;
				CLANG_ENABLE_OBJC_WEAK = YES;
				CLANG_WARN_BLOCK_CAPTURE_AUTORELEASING = YES;
				CLANG_WARN_BOOL_CONVERSION = YES;
				CLANG_WARN_COMMA = YES;
				CLANG_WARN_CONSTANT_CONVERSION = YES;
				CLANG_WARN_DEPRECATED_OBJC_IMPLEMENTATIONS = YES;
				CLANG_WARN_DIRECT_OBJC_ISA_USAGE = YES_ERROR;
				CLANG_WARN_DOCUMENTATION_COMMENTS = YES;
				CLANG_WARN_EMPTY_BODY = YES;
				CLANG_WARN_ENUM_CONVERSION = YES;
				CLANG_WARN_INFINITE_RECURSION = YES;
				CLANG_WARN_INT_CONVERSION = YES;
				CLANG_WARN_NON_LITERAL_NULL_CONVERSION = YES;
				CLANG_WARN_OBJC_IMPLICIT_RETAIN_SELF = YES;
				CLANG_WARN_OBJC_LITERAL_CONVERSION = YES;
				CLANG_WARN_OBJC_ROOT_CLASS = YES_ERROR;
				CLANG_WARN_RANGE_LOOP_ANALYSIS = YES;
				CLANG_WARN_STRICT_PROTOTYPES = YES;
				CLANG_WARN_SUSPICIOUS_MOVE = YES;
				CLANG_WARN_UNGUARDED_AVAILABILITY = YES_AGGRESSIVE;
				CLANG_WARN_UNREACHABLE_CODE = YES;
				CLANG_WARN__DUPLICATE_METHOD_MATCH = YES;
				CODE_SIGN_IDENTITY = "iPhone Developer";
				COPY_PHASE_STRIP = NO;
				DEBUG_INFORMATION_FORMAT = dwarf;
				ENABLE_STRICT_OBJC_MSGSEND = YES;
				ENABLE_TESTABILITY = YES;
				GCC_C_LANGUAGE_STANDARD = gnu11;
				GCC_DYNAMIC_NO_PIC = NO;
				GCC_NO_COMMON_BLOCKS = YES;
				GCC_OPTIMIZATION_LEVEL = 0;
				GCC_PREPROCESSOR_DEFINITIONS = (
					"DEBUG=1",
					"$(inherited)",
				);
				GCC_WARN_64_TO_32_BIT_CONVERSION = YES;
				GCC_WARN_ABOUT_RETURN_TYPE = YES_ERROR;
				GCC_WARN_UNDECLARED_SELECTOR = YES;
				GCC_WARN_UNINITIALIZED_AUTOS = YES_AGGRESSIVE;
				GCC_WARN_UNUSED_FUNCTION = YES;
				GCC_WARN_UNUSED_VARIABLE = YES;
				IPHONEOS_DEPLOYMENT_TARGET = 12.0;
				MTL_ENABLE_DEBUG_INFO = INCLUDE_SOURCE;
				MTL_FAST_MATH = YES;
				ONLY_ACTIVE_ARCH = YES;
				SDKROOT = iphoneos;
				SWIFT_ACTIVE_COMPILATION_CONDITIONS = DEBUG;
				SWIFT_OPTIMIZATION_LEVEL = "-Onone";
			};
			name = Debug;
		};
		2FA673992292EA68003E23E4 /* Release */ = {
			isa = XCBuildConfiguration;
			buildSettings = {
				ALWAYS_SEARCH_USER_PATHS = NO;
				CLANG_ANALYZER_NONNULL = YES;
				CLANG_ANALYZER_NUMBER_OBJECT_CONVERSION = YES_AGGRESSIVE;
				CLANG_CXX_LANGUAGE_STANDARD = "gnu++14";
				CLANG_CXX_LIBRARY = "libc++";
				CLANG_ENABLE_MODULES = YES;
				CLANG_ENABLE_OBJC_ARC = YES;
				CLANG_ENABLE_OBJC_WEAK = YES;
				CLANG_WARN_BLOCK_CAPTURE_AUTORELEASING = YES;
				CLANG_WARN_BOOL_CONVERSION = YES;
				CLANG_WARN_COMMA = YES;
				CLANG_WARN_CONSTANT_CONVERSION = YES;
				CLANG_WARN_DEPRECATED_OBJC_IMPLEMENTATIONS = YES;
				CLANG_WARN_DIRECT_OBJC_ISA_USAGE = YES_ERROR;
				CLANG_WARN_DOCUMENTATION_COMMENTS = YES;
				CLANG_WARN_EMPTY_BODY = YES;
				CLANG_WARN_ENUM_CONVERSION = YES;
				CLANG_WARN_INFINITE_RECURSION = YES;
				CLANG_WARN_INT_CONVERSION = YES;
				CLANG_WARN_NON_LITERAL_NULL_CONVERSION = YES;
				CLANG_WARN_OBJC_IMPLICIT_RETAIN_SELF = YES;
				CLANG_WARN_OBJC_LITERAL_CONVERSION = YES;
				CLANG_WARN_OBJC_ROOT_CLASS = YES_ERROR;
				CLANG_WARN_RANGE_LOOP_ANALYSIS = YES;
				CLANG_WARN_STRICT_PROTOTYPES = YES;
				CLANG_WARN_SUSPICIOUS_MOVE = YES;
				CLANG_WARN_UNGUARDED_AVAILABILITY = YES_AGGRESSIVE;
				CLANG_WARN_UNREACHABLE_CODE = YES;
				CLANG_WARN__DUPLICATE_METHOD_MATCH = YES;
				CODE_SIGN_IDENTITY = "iPhone Developer";
				COPY_PHASE_STRIP = NO;
				DEBUG_INFORMATION_FORMAT = "dwarf-with-dsym";
				ENABLE_NS_ASSERTIONS = NO;
				ENABLE_STRICT_OBJC_MSGSEND = YES;
				GCC_C_LANGUAGE_STANDARD = gnu11;
				GCC_NO_COMMON_BLOCKS = YES;
				GCC_WARN_64_TO_32_BIT_CONVERSION = YES;
				GCC_WARN_ABOUT_RETURN_TYPE = YES_ERROR;
				GCC_WARN_UNDECLARED_SELECTOR = YES;
				GCC_WARN_UNINITIALIZED_AUTOS = YES_AGGRESSIVE;
				GCC_WARN_UNUSED_FUNCTION = YES;
				GCC_WARN_UNUSED_VARIABLE = YES;
				IPHONEOS_DEPLOYMENT_TARGET = 12.0;
				MTL_ENABLE_DEBUG_INFO = NO;
				MTL_FAST_MATH = YES;
				SDKROOT = iphoneos;
				SWIFT_COMPILATION_MODE = wholemodule;
				SWIFT_OPTIMIZATION_LEVEL = "-O";
				VALIDATE_PRODUCT = YES;
			};
			name = Release;
		};
		2FA6739B2292EA68003E23E4 /* Debug */ = {
			isa = XCBuildConfiguration;
			buildSettings = {
				ASSETCATALOG_COMPILER_APPICON_NAME = AppIcon;
				CODE_SIGN_STYLE = Automatic;
				INFOPLIST_FILE = codeChallenge3/Info.plist;
				LD_RUNPATH_SEARCH_PATHS = (
					"$(inherited)",
					"@executable_path/Frameworks",
				);
				PRODUCT_BUNDLE_IDENTIFIER = DougPattersonDevelopment.codeChallenge3;
				PRODUCT_NAME = "$(TARGET_NAME)";
				SWIFT_VERSION = 4.2;
				TARGETED_DEVICE_FAMILY = "1,2";
			};
			name = Debug;
		};
		2FA6739C2292EA68003E23E4 /* Release */ = {
			isa = XCBuildConfiguration;
			buildSettings = {
				ASSETCATALOG_COMPILER_APPICON_NAME = AppIcon;
				CODE_SIGN_STYLE = Automatic;
				INFOPLIST_FILE = codeChallenge3/Info.plist;
				LD_RUNPATH_SEARCH_PATHS = (
					"$(inherited)",
					"@executable_path/Frameworks",
				);
				PRODUCT_BUNDLE_IDENTIFIER = DougPattersonDevelopment.codeChallenge3;
				PRODUCT_NAME = "$(TARGET_NAME)";
				SWIFT_VERSION = 4.2;
				TARGETED_DEVICE_FAMILY = "1,2";
			};
			name = Release;
		};
/* End XCBuildConfiguration section */

/* Begin XCConfigurationList section */
		2FA673832292EA67003E23E4 /* Build configuration list for PBXProject "codeChallenge3" */ = {
			isa = XCConfigurationList;
			buildConfigurations = (
				2FA673982292EA68003E23E4 /* Debug */,
				2FA673992292EA68003E23E4 /* Release */,
			);
			defaultConfigurationIsVisible = 0;
			defaultConfigurationName = Release;
		};
		2FA6739A2292EA68003E23E4 /* Build configuration list for PBXNativeTarget "codeChallenge3" */ = {
			isa = XCConfigurationList;
			buildConfigurations = (
				2FA6739B2292EA68003E23E4 /* Debug */,
				2FA6739C2292EA68003E23E4 /* Release */,
			);
			defaultConfigurationIsVisible = 0;
			defaultConfigurationName = Release;
		};
/* End XCConfigurationList section */
	};
	rootObject = 2FA673802292EA67003E23E4 /* Project object */;
}
